// !$*UTF8*$!
{
	archiveVersion = 1;
	classes = {
	};
	objectVersion = 46;
	objects = {

/* Begin PBXBuildFile section */
		180C27812005D9A300AF4DED /* AppDelegate.swift in Sources */ = {isa = PBXBuildFile; fileRef = 180C27802005D9A300AF4DED /* AppDelegate.swift */; };
		180C27832005D9A300AF4DED /* ViewController.swift in Sources */ = {isa = PBXBuildFile; fileRef = 180C27822005D9A300AF4DED /* ViewController.swift */; };
		180C27862005D9A300AF4DED /* Main.storyboard in Resources */ = {isa = PBXBuildFile; fileRef = 180C27842005D9A300AF4DED /* Main.storyboard */; };
		180C27882005D9A300AF4DED /* Assets.xcassets in Resources */ = {isa = PBXBuildFile; fileRef = 180C27872005D9A300AF4DED /* Assets.xcassets */; };
		180C278B2005D9A300AF4DED /* LaunchScreen.storyboard in Resources */ = {isa = PBXBuildFile; fileRef = 180C27892005D9A300AF4DED /* LaunchScreen.storyboard */; };
		180C27942005DC0800AF4DED /* Accordion.xib in Resources */ = {isa = PBXBuildFile; fileRef = 180C27932005DC0800AF4DED /* Accordion.xib */; };
		180C27962005DC3700AF4DED /* RowItemView.swift in Sources */ = {isa = PBXBuildFile; fileRef = 180C27952005DC3700AF4DED /* RowItemView.swift */; };
/* End PBXBuildFile section */

/* Begin PBXFileReference section */
		180C277D2005D9A300AF4DED /* KSAccordion-Swift.app */ = {isa = PBXFileReference; explicitFileType = wrapper.application; includeInIndex = 0; path = "KSAccordion-Swift.app"; sourceTree = BUILT_PRODUCTS_DIR; };
		180C27802005D9A300AF4DED /* AppDelegate.swift */ = {isa = PBXFileReference; lastKnownFileType = sourcecode.swift; path = AppDelegate.swift; sourceTree = "<group>"; };
		180C27822005D9A300AF4DED /* ViewController.swift */ = {isa = PBXFileReference; lastKnownFileType = sourcecode.swift; path = ViewController.swift; sourceTree = "<group>"; };
		180C27852005D9A300AF4DED /* Base */ = {isa = PBXFileReference; lastKnownFileType = file.storyboard; name = Base; path = Base.lproj/Main.storyboard; sourceTree = "<group>"; };
		180C27872005D9A300AF4DED /* Assets.xcassets */ = {isa = PBXFileReference; lastKnownFileType = folder.assetcatalog; path = Assets.xcassets; sourceTree = "<group>"; };
		180C278A2005D9A300AF4DED /* Base */ = {isa = PBXFileReference; lastKnownFileType = file.storyboard; name = Base; path = Base.lproj/LaunchScreen.storyboard; sourceTree = "<group>"; };
		180C278C2005D9A300AF4DED /* Info.plist */ = {isa = PBXFileReference; lastKnownFileType = text.plist.xml; path = Info.plist; sourceTree = "<group>"; };
		180C27932005DC0800AF4DED /* Accordion.xib */ = {isa = PBXFileReference; fileEncoding = 4; lastKnownFileType = file.xib; path = Accordion.xib; sourceTree = "<group>"; };
		180C27952005DC3700AF4DED /* RowItemView.swift */ = {isa = PBXFileReference; fileEncoding = 4; lastKnownFileType = sourcecode.swift; path = RowItemView.swift; sourceTree = "<group>"; };
/* End PBXFileReference section */

/* Begin PBXFrameworksBuildPhase section */
		180C277A2005D9A300AF4DED /* Frameworks */ = {
			isa = PBXFrameworksBuildPhase;
			buildActionMask = 2147483647;
			files = (
			);
			runOnlyForDeploymentPostprocessing = 0;
		};
/* End PBXFrameworksBuildPhase section */

/* Begin PBXGroup section */
		180C27742005D9A300AF4DED = {
			isa = PBXGroup;
			children = (
				180C277F2005D9A300AF4DED /* KSAccordion-Swift */,
				180C277E2005D9A300AF4DED /* Products */,
			);
			sourceTree = "<group>";
		};
		180C277E2005D9A300AF4DED /* Products */ = {
			isa = PBXGroup;
			children = (
				180C277D2005D9A300AF4DED /* KSAccordion-Swift.app */,
			);
			name = Products;
			sourceTree = "<group>";
		};
		180C277F2005D9A300AF4DED /* KSAccordion-Swift */ = {
			isa = PBXGroup;
			children = (
				180C27802005D9A300AF4DED /* AppDelegate.swift */,
				180C27822005D9A300AF4DED /* ViewController.swift */,
				180C27842005D9A300AF4DED /* Main.storyboard */,
				180C27872005D9A300AF4DED /* Assets.xcassets */,
				180C27892005D9A300AF4DED /* LaunchScreen.storyboard */,
				180C278C2005D9A300AF4DED /* Info.plist */,
				180C27922005DBE900AF4DED /* Views */,
			);
			path = "KSAccordion-Swift";
			sourceTree = "<group>";
		};
		180C27922005DBE900AF4DED /* Views */ = {
			isa = PBXGroup;
			children = (
				180C27932005DC0800AF4DED /* Accordion.xib */,
				180C27952005DC3700AF4DED /* RowItemView.swift */,
			);
			path = Views;
			sourceTree = "<group>";
		};
/* End PBXGroup section */

/* Begin PBXNativeTarget section */
		180C277C2005D9A300AF4DED /* KSAccordion-Swift */ = {
			isa = PBXNativeTarget;
			buildConfigurationList = 180C278F2005D9A300AF4DED /* Build configuration list for PBXNativeTarget "KSAccordion-Swift" */;
			buildPhases = (
				180C27792005D9A300AF4DED /* Sources */,
				180C277A2005D9A300AF4DED /* Frameworks */,
				180C277B2005D9A300AF4DED /* Resources */,
			);
			buildRules = (
			);
			dependencies = (
			);
			name = "KSAccordion-Swift";
			productName = "KSAccordion-Swift";
			productReference = 180C277D2005D9A300AF4DED /* KSAccordion-Swift.app */;
			productType = "com.apple.product-type.application";
		};
/* End PBXNativeTarget section */

/* Begin PBXProject section */
		180C27752005D9A300AF4DED /* Project object */ = {
			isa = PBXProject;
			attributes = {
				LastSwiftUpdateCheck = 0810;
				LastUpgradeCheck = 0810;
				ORGANIZATIONNAME = Home;
				TargetAttributes = {
					180C277C2005D9A300AF4DED = {
						CreatedOnToolsVersion = 8.1;
						ProvisioningStyle = Automatic;
					};
				};
			};
			buildConfigurationList = 180C27782005D9A300AF4DED /* Build configuration list for PBXProject "KSAccordion-Swift" */;
			compatibilityVersion = "Xcode 3.2";
			developmentRegion = English;
			hasScannedForEncodings = 0;
			knownRegions = (
				en,
				Base,
			);
			mainGroup = 180C27742005D9A300AF4DED;
			productRefGroup = 180C277E2005D9A300AF4DED /* Products */;
			projectDirPath = "";
			projectRoot = "";
			targets = (
				180C277C2005D9A300AF4DED /* KSAccordion-Swift */,
			);
		};
/* End PBXProject section */

/* Begin PBXResourcesBuildPhase section */
		180C277B2005D9A300AF4DED /* Resources */ = {
			isa = PBXResourcesBuildPhase;
			buildActionMask = 2147483647;
			files = (
				180C27942005DC0800AF4DED /* Accordion.xib in Resources */,
				180C278B2005D9A300AF4DED /* LaunchScreen.storyboard in Resources */,
				180C27882005D9A300AF4DED /* Assets.xcassets in Resources */,
				180C27862005D9A300AF4DED /* Main.storyboard in Resources */,
			);
			runOnlyForDeploymentPostprocessing = 0;
		};
/* End PBXResourcesBuildPhase section */

/* Begin PBXSourcesBuildPhase section */
		180C27792005D9A300AF4DED /* Sources */ = {
			isa = PBXSourcesBuildPhase;
			buildActionMask = 2147483647;
			files = (
				180C27962005DC3700AF4DED /* RowItemView.swift in Sources */,
				180C27832005D9A300AF4DED /* ViewController.swift in Sources */,
				180C27812005D9A300AF4DED /* AppDelegate.swift in Sources */,
			);
			runOnlyForDeploymentPostprocessing = 0;
		};
/* End PBXSourcesBuildPhase section */

/* Begin PBXVariantGroup section */
		180C27842005D9A300AF4DED /* Main.storyboard */ = {
			isa = PBXVariantGroup;
			children = (
				180C27852005D9A300AF4DED /* Base */,
			);
			name = Main.storyboard;
			sourceTree = "<group>";
		};
		180C27892005D9A300AF4DED /* LaunchScreen.storyboard */ = {
			isa = PBXVariantGroup;
			children = (
				180C278A2005D9A300AF4DED /* Base */,
			);
			name = LaunchScreen.storyboard;
			sourceTree = "<group>";
		};
/* End PBXVariantGroup section */

/* Begin XCBuildConfiguration section */
		180C278D2005D9A300AF4DED /* Debug */ = {
			isa = XCBuildConfiguration;
			buildSettings = {
				ALWAYS_SEARCH_USER_PATHS = NO;
				CLANG_ANALYZER_NONNULL = YES;
				CLANG_CXX_LANGUAGE_STANDARD = "gnu++0x";
				CLANG_CXX_LIBRARY = "libc++";
				CLANG_ENABLE_MODULES = YES;
				CLANG_ENABLE_OBJC_ARC = YES;
				CLANG_WARN_BOOL_CONVERSION = YES;
				CLANG_WARN_CONSTANT_CONVERSION = YES;
				CLANG_WARN_DIRECT_OBJC_ISA_USAGE = YES_ERROR;
				CLANG_WARN_DOCUMENTATION_COMMENTS = YES;
				CLANG_WARN_EMPTY_BODY = YES;
				CLANG_WARN_ENUM_CONVERSION = YES;
				CLANG_WARN_INFINITE_RECURSION = YES;
				CLANG_WARN_INT_CONVERSION = YES;
				CLANG_WARN_OBJC_ROOT_CLASS = YES_ERROR;
				CLANG_WARN_SUSPICIOUS_MOVES = YES;
				CLANG_WARN_UNREACHABLE_CODE = YES;
				CLANG_WARN__DUPLICATE_METHOD_MATCH = YES;
				"CODE_SIGN_IDENTITY[sdk=iphoneos*]" = "iPhone Developer";
				COPY_PHASE_STRIP = NO;
				DEBUG_INFORMATION_FORMAT = dwarf;
				ENABLE_STRICT_OBJC_MSGSEND = YES;
				ENABLE_TESTABILITY = YES;
				GCC_C_LANGUAGE_STANDARD = gnu99;
				GCC_DYNAMIC_NO_PIC = NO;
				GCC_NO_COMMON_BLOCKS = YES;
				GCC_OPTIMIZATION_LEVEL = 0;
				GCC_PREPROCESSOR_DEFINITIONS = (
					"DEBUG=1",
					"$(inherited)",
				);
				GCC_WARN_64_TO_32_BIT_CONVERSION = YES;
				GCC_WARN_ABOUT_RETURN_TYPE = YES_ERROR;
				GCC_WARN_UNDECLARED_SELECTOR = YES;
				GCC_WARN_UNINITIALIZED_AUTOS = YES_AGGRESSIVE;
				GCC_WARN_UNUSED_FUNCTION = YES;
				GCC_WARN_UNUSED_VARIABLE = YES;
				IPHONEOS_DEPLOYMENT_TARGET = 10.1;
				MTL_ENABLE_DEBUG_INFO = YES;
				ONLY_ACTIVE_ARCH = YES;
				SDKROOT = iphoneos;
				SWIFT_ACTIVE_COMPILATION_CONDITIONS = DEBUG;
				SWIFT_OPTIMIZATION_LEVEL = "-Onone";
			};
			name = Debug;
		};
		180C278E2005D9A300AF4DED /* Release */ = {
			isa = XCBuildConfiguration;
			buildSettings = {
				ALWAYS_SEARCH_USER_PATHS = NO;
				CLANG_ANALYZER_NONNULL = YES;
				CLANG_CXX_LANGUAGE_STANDARD = "gnu++0x";
				CLANG_CXX_LIBRARY = "libc++";
				CLANG_ENABLE_MODULES = YES;
				CLANG_ENABLE_OBJC_ARC = YES;
				CLANG_WARN_BOOL_CONVERSION = YES;
				CLANG_WARN_CONSTANT_CONVERSION = YES;
				CLANG_WARN_DIRECT_OBJC_ISA_USAGE = YES_ERROR;
				CLANG_WARN_DOCUMENTATION_COMMENTS = YES;
				CLANG_WARN_EMPTY_BODY = YES;
				CLANG_WARN_ENUM_CONVERSION = YES;
				CLANG_WARN_INFINITE_RECURSION = YES;
				CLANG_WARN_INT_CONVERSION = YES;
				CLANG_WARN_OBJC_ROOT_CLASS = YES_ERROR;
				CLANG_WARN_SUSPICIOUS_MOVES = YES;
				CLANG_WARN_UNREACHABLE_CODE = YES;
				CLANG_WARN__DUPLICATE_METHOD_MATCH = YES;
				"CODE_SIGN_IDENTITY[sdk=iphoneos*]" = "iPhone Developer";
				COPY_PHASE_STRIP = NO;
				DEBUG_INFORMATION_FORMAT = "dwarf-with-dsym";
				ENABLE_NS_ASSERTIONS = NO;
				ENABLE_STRICT_OBJC_MSGSEND = YES;
				GCC_C_LANGUAGE_STANDARD = gnu99;
				GCC_NO_COMMON_BLOCKS = YES;
				GCC_WARN_64_TO_32_BIT_CONVERSION = YES;
				GCC_WARN_ABOUT_RETURN_TYPE = YES_ERROR;
				GCC_WARN_UNDECLARED_SELECTOR = YES;
				GCC_WARN_UNINITIALIZED_AUTOS = YES_AGGRESSIVE;
				GCC_WARN_UNUSED_FUNCTION = YES;
				GCC_WARN_UNUSED_VARIABLE = YES;
				IPHONEOS_DEPLOYMENT_TARGET = 10.1;
				MTL_ENABLE_DEBUG_INFO = NO;
				SDKROOT = iphoneos;
				SWIFT_OPTIMIZATION_LEVEL = "-Owholemodule";
				VALIDATE_PRODUCT = YES;
			};
			name = Release;
		};
		180C27902005D9A300AF4DED /* Debug */ = {
			isa = XCBuildConfiguration;
			buildSettings = {
				ASSETCATALOG_COMPILER_APPICON_NAME = AppIcon;
				INFOPLIST_FILE = "KSAccordion-Swift/Info.plist";
				IPHONEOS_DEPLOYMENT_TARGET = 9.0;
				LD_RUNPATH_SEARCH_PATHS = "$(inherited) @executable_path/Frameworks";
				PRODUCT_BUNDLE_IDENTIFIER = "np.com.khagendra.KSAccordion-Swift";
				PRODUCT_NAME = "$(TARGET_NAME)";
				SWIFT_VERSION = 3.0;
			};
			name = Debug;
		};
		180C27912005D9A300AF4DED /* Release */ = {
			isa = XCBuildConfiguration;
			buildSettings = {
				ASSETCATALOG_COMPILER_APPICON_NAME = AppIcon;
				INFOPLIST_FILE = "KSAccordion-Swift/Info.plist";
				IPHONEOS_DEPLOYMENT_TARGET = 9.0;
				LD_RUNPATH_SEARCH_PATHS = "$(inherited) @executable_path/Frameworks";
				PRODUCT_BUNDLE_IDENTIFIER = "np.com.khagendra.KSAccordion-Swift";
				PRODUCT_NAME = "$(TARGET_NAME)";
				SWIFT_VERSION = 3.0;
			};
			name = Release;
		};
/* End XCBuildConfiguration section */

/* Begin XCConfigurationList section */
		180C27782005D9A300AF4DED /* Build configuration list for PBXProject "KSAccordion-Swift" */ = {
			isa = XCConfigurationList;
			buildConfigurations = (
				180C278D2005D9A300AF4DED /* Debug */,
				180C278E2005D9A300AF4DED /* Release */,
			);
			defaultConfigurationIsVisible = 0;
			defaultConfigurationName = Release;
		};
		180C278F2005D9A300AF4DED /* Build configuration list for PBXNativeTarget "KSAccordion-Swift" */ = {
			isa = XCConfigurationList;
			buildConfigurations = (
				180C27902005D9A300AF4DED /* Debug */,
				180C27912005D9A300AF4DED /* Release */,
			);
			defaultConfigurationIsVisible = 0;
			defaultConfigurationName = Release;
		};
/* End XCConfigurationList section */
	};
	rootObject = 180C27752005D9A300AF4DED /* Project object */;
}
